# @generated - this file is auto-generated by `mise lock` https://mise.jdx.dev/dev-tools/mise-lock.html

[[tools."aqua:goreleaser/goreleaser"]]
version = "2.17.1"
backend = "aqua:goreleaser/goreleaser"

[tools."aqua:goreleaser/goreleaser"."platforms.linux-arm64"]
checksum = "sha256:702f03769ac8bcb0e47839c82243cc614ae995633599a98c63062e13ea85f829"
url = "https://github.com/goreleaser/goreleaser/releases/download/v2.17.1/goreleaser_Linux_arm64.tar.gz"
url_api = "https://api.github.com/repos/goreleaser/goreleaser/releases/assets/490565875"
provenance = "github-attestations"

[tools."aqua:goreleaser/goreleaser"."platforms.linux-arm64-musl"]
checksum = "sha256:702f03769ac8bcb0e47839c82243cc614ae995633599a98c63062e13ea85f829"
url = "https://github.com/goreleaser/goreleaser/releases/download/v2.17.1/goreleaser_Linux_arm64.tar.gz"
url_api = "https://api.github.com/repos/goreleaser/goreleaser/releases/assets/490565875"
provenance = "github-attestations"

[tools."aqua:goreleaser/goreleaser"."platforms.linux-x64"]
checksum = "sha256:a99bbc7ae0d8d897b07c4c497a9b62f222558804715ef219d1af05a7e417bc80"
url = "https://github.com/goreleaser/goreleaser/releases/download/v2.17.1/goreleaser_Linux_x86_64.tar.gz"
url_api = "https://api.github.com/repos/goreleaser/goreleaser/releases/assets/490565870"
provenance = "github-attestations"

[tools."aqua:goreleaser/goreleaser"."platforms.linux-x64-musl"]
checksum = "sha256:a99bbc7ae0d8d897b07c4c497a9b62f222558804715ef219d1af05a7e417bc80"
url = "https://github.com/goreleaser/goreleaser/releases/download/v2.17.1/goreleaser_Linux_x86_64.tar.gz"
url_api = "https://api.github.com/repos/goreleaser/goreleaser/releases/assets/490565870"
provenance = "github-attestations"

[tools."aqua:goreleaser/goreleaser"."platforms.macos-arm64"]
checksum = "sha256:f49d4fe67d283b5b5130c380c983087dca0a4d4ec15b6637b18fe1ab096780d8"
url = "https://github.com/goreleaser/goreleaser/releases/download/v2.17.1/goreleaser_Darwin_all.tar.gz"
url_api = "https://api.github.com/repos/goreleaser/goreleaser/releases/assets/490565848"
provenance = "github-attestations"

[tools."aqua:goreleaser/goreleaser"."platforms.macos-x64"]
checksum = "sha256:f49d4fe67d283b5b5130c380c983087dca0a4d4ec15b6637b18fe1ab096780d8"
url = "https://github.com/goreleaser/goreleaser/releases/download/v2.17.1/goreleaser_Darwin_all.tar.gz"
url_api = "https://api.github.com/repos/goreleaser/goreleaser/releases/assets/490565848"
provenance = "github-attestations"

[tools."aqua:goreleaser/goreleaser"."platforms.windows-x64"]
checksum = "sha256:53314ce7cc16c3229f2d3b98a932c1618c427964eb2170a1efafbdfa862a556f"
url = "https://github.com/goreleaser/goreleaser/releases/download/v2.17.1/goreleaser_Windows_x86_64.zip"
url_api = "https://api.github.com/repos/goreleaser/goreleaser/releases/assets/490565847"
provenance = "github-attestations"

[[tools.go]]
version = "1.26.6"
backend = "core:go"

[tools.go."platforms.linux-arm64"]
checksum = "sha256:d0507e9e9d7fe012aae570108cbd76c15de879e17130ab8cb90d4d7445cb1f2e"
url = "https://dl.google.com/go/go1.26.6.linux-arm64.tar.gz"

[tools.go."platforms.linux-arm64-musl"]
checksum = "sha256:d0507e9e9d7fe012aae570108cbd76c15de879e17130ab8cb90d4d7445cb1f2e"
url = "https://dl.google.com/go/go1.26.6.linux-arm64.tar.gz"

[tools.go."platforms.linux-x64"]
checksum = "sha256:708effb774be8237570d0add163225abbdfaf4fca28b2611df167beba4feef89"
url = "https://dl.google.com/go/go1.26.6.linux-amd64.tar.gz"

[tools.go."platforms.linux-x64-musl"]
checksum = "sha256:708effb774be8237570d0add163225abbdfaf4fca28b2611df167beba4feef89"
url = "https://dl.google.com/go/go1.26.6.linux-amd64.tar.gz"

[tools.go."platforms.macos-arm64"]
checksum = "sha256:2dc95ce4675829f2df0e86b28bcef3283635902062a5f0580ca659bf570f3204"
url = "https://dl.google.com/go/go1.26.6.darwin-arm64.tar.gz"

[tools.go."platforms.macos-x64"]
checksum = "sha256:08b65a63f244115121ced6c3b55ad38d801a7442acad5c949a17aad84ae6d684"
url = "https://dl.google.com/go/go1.26.6.darwin-amd64.tar.gz"

[tools.go."platforms.windows-x64"]
checksum = "sha256:5b6c5b556525810463b5c897b50dc7a82d6a3dc0bfaf55d990a7e9f31d6b2318"
url = "https://dl.google.com/go/go1.26.6.windows-amd64.zip"

[[tools."go:github.com/google/go-licenses/v2"]]
version = "2.0.1"
backend = "go:github.com/google/go-licenses/v2"

[[tools."go:golang.org/x/vuln/cmd/govulncheck"]]
version = "1.7.0"
backend = "go:golang.org/x/vuln/cmd/govulncheck"
