# @generated - this file is auto-generated by `mise lock` https://mise.jdx.dev/dev-tools/mise-lock.html

[[tools."aqua:goreleaser/goreleaser"]]
version = "2.17.1"
backend = "aqua:goreleaser/goreleaser"

[tools."aqua:goreleaser/goreleaser"."platforms.linux-arm64"]
checksum = "sha256:702f03769ac8bcb0e47839c82243cc614ae995633599a98c63062e13ea85f829"
url = "https://github.com/goreleaser/goreleaser/releases/download/v2.17.1/goreleaser_Linux_arm64.tar.gz"
url_api = "https://api.github.com/repos/goreleaser/goreleaser/releases/assets/490565875"
provenance = "github-attestations"

[tools."aqua:goreleaser/goreleaser"."platforms.linux-arm64-musl"]
checksum = "sha256:702f03769ac8bcb0e47839c82243cc614ae995633599a98c63062e13ea85f829"
url = "https://github.com/goreleaser/goreleaser/releases/download/v2.17.1/goreleaser_Linux_arm64.tar.gz"
url_api = "https://api.github.com/repos/goreleaser/goreleaser/releases/assets/490565875"
provenance = "github-attestations"

[tools."aqua:goreleaser/goreleaser"."platforms.linux-x64"]
checksum = "sha256:a99bbc7ae0d8d897b07c4c497a9b62f222558804715ef219d1af05a7e417bc80"
url = "https://github.com/goreleaser/goreleaser/releases/download/v2.17.1/goreleaser_Linux_x86_64.tar.gz"
url_api = "https://api.github.com/repos/goreleaser/goreleaser/releases/assets/490565870"
provenance = "github-attestations"

[tools."aqua:goreleaser/goreleaser"."platforms.linux-x64-musl"]
checksum = "sha256:a99bbc7ae0d8d897b07c4c497a9b62f222558804715ef219d1af05a7e417bc80"
url = "https://github.com/goreleaser/goreleaser/releases/download/v2.17.1/goreleaser_Linux_x86_64.tar.gz"
url_api = "https://api.github.com/repos/goreleaser/goreleaser/releases/assets/490565870"
provenance = "github-attestations"

[tools."aqua:goreleaser/goreleaser"."platforms.macos-arm64"]
checksum = "sha256:f49d4fe67d283b5b5130c380c983087dca0a4d4ec15b6637b18fe1ab096780d8"
url = "https://github.com/goreleaser/goreleaser/releases/download/v2.17.1/goreleaser_Darwin_all.tar.gz"
url_api = "https://api.github.com/repos/goreleaser/goreleaser/releases/assets/490565848"
provenance = "github-attestations"

[tools."aqua:goreleaser/goreleaser"."platforms.macos-x64"]
checksum = "sha256:f49d4fe67d283b5b5130c380c983087dca0a4d4ec15b6637b18fe1ab096780d8"
url = "https://github.com/goreleaser/goreleaser/releases/download/v2.17.1/goreleaser_Darwin_all.tar.gz"
url_api = "https://api.github.com/repos/goreleaser/goreleaser/releases/assets/490565848"
provenance = "github-attestations"

[tools."aqua:goreleaser/goreleaser"."platforms.windows-x64"]
checksum = "sha256:53314ce7cc16c3229f2d3b98a932c1618c427964eb2170a1efafbdfa862a556f"
url = "https://github.com/goreleaser/goreleaser/releases/download/v2.17.1/goreleaser_Windows_x86_64.zip"
url_api = "https://api.github.com/repos/goreleaser/goreleaser/releases/assets/490565847"
provenance = "github-attestations"

[[tools.go]]
version = "1.26.5"
backend = "core:go"

[tools.go."platforms.linux-arm64"]
checksum = "sha256:fe4789e92b1f33358680864bbe8704289e7bb5fc207d80623c308935bd696d49"
url = "https://dl.google.com/go/go1.26.5.linux-arm64.tar.gz"

[tools.go."platforms.linux-arm64-musl"]
checksum = "sha256:fe4789e92b1f33358680864bbe8704289e7bb5fc207d80623c308935bd696d49"
url = "https://dl.google.com/go/go1.26.5.linux-arm64.tar.gz"

[tools.go."platforms.linux-x64"]
checksum = "sha256:5c2c3b16caefa1d968a94c1daca04a7ca301a496d9b086e17ad77bb81393f053"
url = "https://dl.google.com/go/go1.26.5.linux-amd64.tar.gz"

[tools.go."platforms.linux-x64-musl"]
checksum = "sha256:5c2c3b16caefa1d968a94c1daca04a7ca301a496d9b086e17ad77bb81393f053"
url = "https://dl.google.com/go/go1.26.5.linux-amd64.tar.gz"

[tools.go."platforms.macos-arm64"]
checksum = "sha256:efb87ff28af9a188d0536ef5d42e63dd52ba8263cd7344a993cc48dd11dedb6a"
url = "https://dl.google.com/go/go1.26.5.darwin-arm64.tar.gz"

[tools.go."platforms.macos-x64"]
checksum = "sha256:6231d8d3b8f5552ec6cbf6d685bdd5482e1e703214b120e89b3bf0d7bf1ef725"
url = "https://dl.google.com/go/go1.26.5.darwin-amd64.tar.gz"

[tools.go."platforms.windows-x64"]
checksum = "sha256:97e6b2a833b6d89f9ff17d25419ac0a7e3b482a044e9ab18cdef834bd834fd38"
url = "https://dl.google.com/go/go1.26.5.windows-amd64.zip"

[[tools."go:github.com/google/go-licenses/v2"]]
version = "2.0.1"
backend = "go:github.com/google/go-licenses/v2"

[[tools."go:golang.org/x/vuln/cmd/govulncheck"]]
version = "1.7.0"
backend = "go:golang.org/x/vuln/cmd/govulncheck"
